// !$*UTF8*$!
{
	archiveVersion = 1;
	classes = {
	};
	objectVersion = 46;
	objects = {

/* Begin PBXBuildFile section */
		90C6F1B11CF5E91A0058480F /* main.m in Sources */ = {isa = PBXBuildFile; fileRef = 90C6F1B01CF5E91A0058480F /* main.m */; };
		90C6F1B41CF5E91A0058480F /* AppDelegate.m in Sources */ = {isa = PBXBuildFile; fileRef = 90C6F1B31CF5E91A0058480F /* AppDelegate.m */; };
		90C6F1B71CF5E91A0058480F /* ViewController.m in Sources */ = {isa = PBXBuildFile; fileRef = 90C6F1B61CF5E91A0058480F /* ViewController.m */; };
		90C6F1BA1CF5E91A0058480F /* Main.storyboard in Resources */ = {isa = PBXBuildFile; fileRef = 90C6F1B81CF5E91A0058480F /* Main.storyboard */; };
		90C6F1BC1CF5E91A0058480F /* Assets.xcassets in Resources */ = {isa = PBXBuildFile; fileRef = 90C6F1BB1CF5E91A0058480F /* Assets.xcassets */; };
		90C6F1BF1CF5E91A0058480F /* LaunchScreen.storyboard in Resources */ = {isa = PBXBuildFile; fileRef = 90C6F1BD1CF5E91A0058480F /* LaunchScreen.storyboard */; };
		90C6F1C81CF5EF600058480F /* Restaurant.m in Sources */ = {isa = PBXBuildFile; fileRef = 90C6F1C71CF5EF600058480F /* Restaurant.m */; };
		90C6F1CB1CF5F3260058480F /* ResultViewController.m in Sources */ = {isa = PBXBuildFile; fileRef = 90C6F1CA1CF5F3260058480F /* ResultViewController.m */; };
/* End PBXBuildFile section */

/* Begin PBXFileReference section */
		90C6F1AC1CF5E91A0058480F /* LnchBox.app */ = {isa = PBXFileReference; explicitFileType = wrapper.application; includeInIndex = 0; path = LnchBox.app; sourceTree = BUILT_PRODUCTS_DIR; };
		90C6F1B01CF5E91A0058480F /* main.m */ = {isa = PBXFileReference; lastKnownFileType = sourcecode.c.objc; path = main.m; sourceTree = "<group>"; };
		90C6F1B21CF5E91A0058480F /* AppDelegate.h */ = {isa = PBXFileReference; lastKnownFileType = sourcecode.c.h; path = AppDelegate.h; sourceTree = "<group>"; };
		90C6F1B31CF5E91A0058480F /* AppDelegate.m */ = {isa = PBXFileReference; lastKnownFileType = sourcecode.c.objc; path = AppDelegate.m; sourceTree = "<group>"; };
		90C6F1B51CF5E91A0058480F /* ViewController.h */ = {isa = PBXFileReference; lastKnownFileType = sourcecode.c.h; path = ViewController.h; sourceTree = "<group>"; };
		90C6F1B61CF5E91A0058480F /* ViewController.m */ = {isa = PBXFileReference; lastKnownFileType = sourcecode.c.objc; path = ViewController.m; sourceTree = "<group>"; };
		90C6F1B91CF5E91A0058480F /* Base */ = {isa = PBXFileReference; lastKnownFileType = file.storyboard; name = Base; path = Base.lproj/Main.storyboard; sourceTree = "<group>"; };
		90C6F1BB1CF5E91A0058480F /* Assets.xcassets */ = {isa = PBXFileReference; lastKnownFileType = folder.assetcatalog; path = Assets.xcassets; sourceTree = "<group>"; };
		90C6F1BE1CF5E91A0058480F /* Base */ = {isa = PBXFileReference; lastKnownFileType = file.storyboard; name = Base; path = Base.lproj/LaunchScreen.storyboard; sourceTree = "<group>"; };
		90C6F1C01CF5E91A0058480F /* Info.plist */ = {isa = PBXFileReference; lastKnownFileType = text.plist.xml; path = Info.plist; sourceTree = "<group>"; };
		90C6F1C61CF5EF600058480F /* Restaurant.h */ = {isa = PBXFileReference; fileEncoding = 4; lastKnownFileType = sourcecode.c.h; path = Restaurant.h; sourceTree = "<group>"; };
		90C6F1C71CF5EF600058480F /* Restaurant.m */ = {isa = PBXFileReference; fileEncoding = 4; lastKnownFileType = sourcecode.c.objc; path = Restaurant.m; sourceTree = "<group>"; };
		90C6F1C91CF5F3260058480F /* ResultViewController.h */ = {isa = PBXFileReference; fileEncoding = 4; lastKnownFileType = sourcecode.c.h; path = ResultViewController.h; sourceTree = "<group>"; };
		90C6F1CA1CF5F3260058480F /* ResultViewController.m */ = {isa = PBXFileReference; fileEncoding = 4; lastKnownFileType = sourcecode.c.objc; path = ResultViewController.m; sourceTree = "<group>"; };
/* End PBXFileReference section */

/* Begin PBXFrameworksBuildPhase section */
		90C6F1A91CF5E91A0058480F /* Frameworks */ = {
			isa = PBXFrameworksBuildPhase;
			buildActionMask = 2147483647;
			files = (
			);
			runOnlyForDeploymentPostprocessing = 0;
		};
/* End PBXFrameworksBuildPhase section */

/* Begin PBXGroup section */
		90C6F1A31CF5E91A0058480F = {
			isa = PBXGroup;
			children = (
				90C6F1AE1CF5E91A0058480F /* LnchBox */,
				90C6F1AD1CF5E91A0058480F /* Products */,
			);
			sourceTree = "<group>";
		};
		90C6F1AD1CF5E91A0058480F /* Products */ = {
			isa = PBXGroup;
			children = (
				90C6F1AC1CF5E91A0058480F /* LnchBox.app */,
			);
			name = Products;
			sourceTree = "<group>";
		};
		90C6F1AE1CF5E91A0058480F /* LnchBox */ = {
			isa = PBXGroup;
			children = (
				90C6F1B21CF5E91A0058480F /* AppDelegate.h */,
				90C6F1B31CF5E91A0058480F /* AppDelegate.m */,
				90C6F1B51CF5E91A0058480F /* ViewController.h */,
				90C6F1B61CF5E91A0058480F /* ViewController.m */,
				90C6F1C91CF5F3260058480F /* ResultViewController.h */,
				90C6F1CA1CF5F3260058480F /* ResultViewController.m */,
				90C6F1B81CF5E91A0058480F /* Main.storyboard */,
				90C6F1C61CF5EF600058480F /* Restaurant.h */,
				90C6F1C71CF5EF600058480F /* Restaurant.m */,
				90C6F1BB1CF5E91A0058480F /* Assets.xcassets */,
				90C6F1BD1CF5E91A0058480F /* LaunchScreen.storyboard */,
				90C6F1C01CF5E91A0058480F /* Info.plist */,
				90C6F1AF1CF5E91A0058480F /* Supporting Files */,
			);
			path = LnchBox;
			sourceTree = "<group>";
		};
		90C6F1AF1CF5E91A0058480F /* Supporting Files */ = {
			isa = PBXGroup;
			children = (
				90C6F1B01CF5E91A0058480F /* main.m */,
			);
			name = "Supporting Files";
			sourceTree = "<group>";
		};
/* End PBXGroup section */

/* Begin PBXNativeTarget section */
		90C6F1AB1CF5E91A0058480F /* LnchBox */ = {
			isa = PBXNativeTarget;
			buildConfigurationList = 90C6F1C31CF5E91A0058480F /* Build configuration list for PBXNativeTarget "LnchBox" */;
			buildPhases = (
				90C6F1A81CF5E91A0058480F /* Sources */,
				90C6F1A91CF5E91A0058480F /* Frameworks */,
				90C6F1AA1CF5E91A0058480F /* Resources */,
			);
			buildRules = (
			);
			dependencies = (
			);
			name = LnchBox;
			productName = LnchBox;
			productReference = 90C6F1AC1CF5E91A0058480F /* LnchBox.app */;
			productType = "com.apple.product-type.application";
		};
/* End PBXNativeTarget section */

/* Begin PBXProject section */
		90C6F1A41CF5E91A0058480F /* Project object */ = {
			isa = PBXProject;
			attributes = {
				LastUpgradeCheck = 0730;
				ORGANIZATIONNAME = "Detroit Labs";
				TargetAttributes = {
					90C6F1AB1CF5E91A0058480F = {
						CreatedOnToolsVersion = 7.3.1;
					};
				};
			};
			buildConfigurationList = 90C6F1A71CF5E91A0058480F /* Build configuration list for PBXProject "LnchBox" */;
			compatibilityVersion = "Xcode 3.2";
			developmentRegion = English;
			hasScannedForEncodings = 0;
			knownRegions = (
				en,
				Base,
			);
			mainGroup = 90C6F1A31CF5E91A0058480F;
			productRefGroup = 90C6F1AD1CF5E91A0058480F /* Products */;
			projectDirPath = "";
			projectRoot = "";
			targets = (
				90C6F1AB1CF5E91A0058480F /* LnchBox */,
			);
		};
/* End PBXProject section */

/* Begin PBXResourcesBuildPhase section */
		90C6F1AA1CF5E91A0058480F /* Resources */ = {
			isa = PBXResourcesBuildPhase;
			buildActionMask = 2147483647;
			files = (
				90C6F1BF1CF5E91A0058480F /* LaunchScreen.storyboard in Resources */,
				90C6F1BC1CF5E91A0058480F /* Assets.xcassets in Resources */,
				90C6F1BA1CF5E91A0058480F /* Main.storyboard in Resources */,
			);
			runOnlyForDeploymentPostprocessing = 0;
		};
/* End PBXResourcesBuildPhase section */

/* Begin PBXSourcesBuildPhase section */
		90C6F1A81CF5E91A0058480F /* Sources */ = {
			isa = PBXSourcesBuildPhase;
			buildActionMask = 2147483647;
			files = (
				90C6F1C81CF5EF600058480F /* Restaurant.m in Sources */,
				90C6F1B71CF5E91A0058480F /* ViewController.m in Sources */,
				90C6F1B41CF5E91A0058480F /* AppDelegate.m in Sources */,
				90C6F1CB1CF5F3260058480F /* ResultViewController.m in Sources */,
				90C6F1B11CF5E91A0058480F /* main.m in Sources */,
			);
			runOnlyForDeploymentPostprocessing = 0;
		};
/* End PBXSourcesBuildPhase section */

/* Begin PBXVariantGroup section */
		90C6F1B81CF5E91A0058480F /* Main.storyboard */ = {
			isa = PBXVariantGroup;
			children = (
				90C6F1B91CF5E91A0058480F /* Base */,
			);
			name = Main.storyboard;
			sourceTree = "<group>";
		};
		90C6F1BD1CF5E91A0058480F /* LaunchScreen.storyboard */ = {
			isa = PBXVariantGroup;
			children = (
				90C6F1BE1CF5E91A0058480F /* Base */,
			);
			name = LaunchScreen.storyboard;
			sourceTree = "<group>";
		};
/* End PBXVariantGroup section */

/* Begin XCBuildConfiguration section */
		90C6F1C11CF5E91A0058480F /* Debug */ = {
			isa = XCBuildConfiguration;
			buildSettings = {
				ALWAYS_SEARCH_USER_PATHS = NO;
				CLANG_ANALYZER_NONNULL = YES;
				CLANG_CXX_LANGUAGE_STANDARD = "gnu++0x";
				CLANG_CXX_LIBRARY = "libc++";
				CLANG_ENABLE_MODULES = YES;
				CLANG_ENABLE_OBJC_ARC = YES;
				CLANG_WARN_BOOL_CONVERSION = YES;
				CLANG_WARN_CONSTANT_CONVERSION = YES;
				CLANG_WARN_DIRECT_OBJC_ISA_USAGE = YES_ERROR;
				CLANG_WARN_EMPTY_BODY = YES;
				CLANG_WARN_ENUM_CONVERSION = YES;
				CLANG_WARN_INT_CONVERSION = YES;
				CLANG_WARN_OBJC_ROOT_CLASS = YES_ERROR;
				CLANG_WARN_UNREACHABLE_CODE = YES;
				CLANG_WARN__DUPLICATE_METHOD_MATCH = YES;
				"CODE_SIGN_IDENTITY[sdk=iphoneos*]" = "iPhone Developer";
				COPY_PHASE_STRIP = NO;
				DEBUG_INFORMATION_FORMAT = dwarf;
				ENABLE_STRICT_OBJC_MSGSEND = YES;
				ENABLE_TESTABILITY = YES;
				GCC_C_LANGUAGE_STANDARD = gnu99;
				GCC_DYNAMIC_NO_PIC = NO;
				GCC_NO_COMMON_BLOCKS = YES;
				GCC_OPTIMIZATION_LEVEL = 0;
				GCC_PREPROCESSOR_DEFINITIONS = (
					"DEBUG=1",
					"$(inherited)",
				);
				GCC_WARN_64_TO_32_BIT_CONVERSION = YES;
				GCC_WARN_ABOUT_RETURN_TYPE = YES_ERROR;
				GCC_WARN_UNDECLARED_SELECTOR = YES;
				GCC_WARN_UNINITIALIZED_AUTOS = YES_AGGRESSIVE;
				GCC_WARN_UNUSED_FUNCTION = YES;
				GCC_WARN_UNUSED_VARIABLE = YES;
				IPHONEOS_DEPLOYMENT_TARGET = 9.3;
				MTL_ENABLE_DEBUG_INFO = YES;
				ONLY_ACTIVE_ARCH = YES;
				SDKROOT = iphoneos;
			};
			name = Debug;
		};
		90C6F1C21CF5E91A0058480F /* Release */ = {
			isa = XCBuildConfiguration;
			buildSettings = {
				ALWAYS_SEARCH_USER_PATHS = NO;
				CLANG_ANALYZER_NONNULL = YES;
				CLANG_CXX_LANGUAGE_STANDARD = "gnu++0x";
				CLANG_CXX_LIBRARY = "libc++";
				CLANG_ENABLE_MODULES = YES;
				CLANG_ENABLE_OBJC_ARC = YES;
				CLANG_WARN_BOOL_CONVERSION = YES;
				CLANG_WARN_CONSTANT_CONVERSION = YES;
				CLANG_WARN_DIRECT_OBJC_ISA_USAGE = YES_ERROR;
				CLANG_WARN_EMPTY_BODY = YES;
				CLANG_WARN_ENUM_CONVERSION = YES;
				CLANG_WARN_INT_CONVERSION = YES;
				CLANG_WARN_OBJC_ROOT_CLASS = YES_ERROR;
				CLANG_WARN_UNREACHABLE_CODE = YES;
				CLANG_WARN__DUPLICATE_METHOD_MATCH = YES;
				"CODE_SIGN_IDENTITY[sdk=iphoneos*]" = "iPhone Developer";
				COPY_PHASE_STRIP = NO;
				DEBUG_INFORMATION_FORMAT = "dwarf-with-dsym";
				ENABLE_NS_ASSERTIONS = NO;
				ENABLE_STRICT_OBJC_MSGSEND = YES;
				GCC_C_LANGUAGE_STANDARD = gnu99;
				GCC_NO_COMMON_BLOCKS = YES;
				GCC_WARN_64_TO_32_BIT_CONVERSION = YES;
				GCC_WARN_ABOUT_RETURN_TYPE = YES_ERROR;
				GCC_WARN_UNDECLARED_SELECTOR = YES;
				GCC_WARN_UNINITIALIZED_AUTOS = YES_AGGRESSIVE;
				GCC_WARN_UNUSED_FUNCTION = YES;
				GCC_WARN_UNUSED_VARIABLE = YES;
				IPHONEOS_DEPLOYMENT_TARGET = 9.3;
				MTL_ENABLE_DEBUG_INFO = NO;
				SDKROOT = iphoneos;
				VALIDATE_PRODUCT = YES;
			};
			name = Release;
		};
		90C6F1C41CF5E91A0058480F /* Debug */ = {
			isa = XCBuildConfiguration;
			buildSettings = {
				ASSETCATALOG_COMPILER_APPICON_NAME = AppIcon;
				INFOPLIST_FILE = LnchBox/Info.plist;
				LD_RUNPATH_SEARCH_PATHS = "$(inherited) @executable_path/Frameworks";
				PRODUCT_BUNDLE_IDENTIFIER = com.detroitlabs.LnchBox;
				PRODUCT_NAME = "$(TARGET_NAME)";
			};
			name = Debug;
		};
		90C6F1C51CF5E91A0058480F /* Release */ = {
			isa = XCBuildConfiguration;
			buildSettings = {
				ASSETCATALOG_COMPILER_APPICON_NAME = AppIcon;
				INFOPLIST_FILE = LnchBox/Info.plist;
				LD_RUNPATH_SEARCH_PATHS = "$(inherited) @executable_path/Frameworks";
				PRODUCT_BUNDLE_IDENTIFIER = com.detroitlabs.LnchBox;
				PRODUCT_NAME = "$(TARGET_NAME)";
			};
			name = Release;
		};
/* End XCBuildConfiguration section */

/* Begin XCConfigurationList section */
		90C6F1A71CF5E91A0058480F /* Build configuration list for PBXProject "LnchBox" */ = {
			isa = XCConfigurationList;
			buildConfigurations = (
				90C6F1C11CF5E91A0058480F /* Debug */,
				90C6F1C21CF5E91A0058480F /* Release */,
			);
			defaultConfigurationIsVisible = 0;
			defaultConfigurationName = Release;
		};
		90C6F1C31CF5E91A0058480F /* Build configuration list for PBXNativeTarget "LnchBox" */ = {
			isa = XCConfigurationList;
			buildConfigurations = (
				90C6F1C41CF5E91A0058480F /* Debug */,
				90C6F1C51CF5E91A0058480F /* Release */,
			);
			defaultConfigurationIsVisible = 0;
		};
/* End XCConfigurationList section */
	};
	rootObject = 90C6F1A41CF5E91A0058480F /* Project object */;
}
